
Microsoft Visual Studio Solution File, Format Version 12.00
# Visual Studio Version 17
VisualStudioVersion = 17.9.34728.123
MinimumVisualStudioVersion = 10.0.40219.1
Project("{FAE04EC0-301F-11D3-BF4B-00C04F79EFBC}") = "olive-genai-cs-sample", "olive-genai-cs-sample.csproj", "{2AF3BED4-D369-49FF-8342-3C956EB79C96}"
EndProject
Global
	GlobalSection(SolutionConfigurationPlatforms) = preSolution
		Debug|Any CPU = Debug|Any CPU
		Release|Any CPU = Release|Any CPU
	EndGlobalSection
	GlobalSection(ProjectConfigurationPlatforms) = postSolution
		{2AF3BED4-D369-49FF-8342-3C956EB79C96}.Debug|Any CPU.ActiveCfg = Debug|Any CPU
		{2AF3BED4-D369-49FF-8342-3C956EB79C96}.Debug|Any CPU.Build.0 = Debug|Any CPU
		{2AF3BED4-D369-49FF-8342-3C956EB79C96}.Release|Any CPU.ActiveCfg = Release|Any CPU
		{2AF3BED4-D369-49FF-8342-3C956EB79C96}.Release|Any CPU.Build.0 = Release|Any CPU
	EndGlobalSection
	GlobalSection(SolutionProperties) = preSolution
		HideSolutionNode = FALSE
	EndGlobalSection
	GlobalSection(ExtensibilityGlobals) = postSolution
		SolutionGuid = {FA7B3C72-534F-4A33-93C1-67EDFF333B8E}
	EndGlobalSection
EndGlobal
